
Microsoft Visual Studio Solution File, Format Version 12.00
# Visual Studio Version 17
VisualStudioVersion = 17.11.35312.102
MinimumVisualStudioVersion = 10.0.40219.1
Project("{2150E333-8FDC-42A3-9474-1A3956D46DE8}") = "Task1", "Task1", "{DF93D1B4-4C13-432C-95F9-3B18762F8A94}"
EndProject
Project("{FAE04EC0-301F-11D3-BF4B-00C04F79EFBC}") = "Tyuiu.RyabtsevNE.Sprint2.Task1.V10", "Tyuiu.RyabtsevNE.Sprint2.Task1.V10\Tyuiu.RyabtsevNE.Sprint2.Task1.V10.csproj", "{A68483EA-E9A7-4299-A0E3-6887C5C74829}"
EndProject
Project("{FAE04EC0-301F-11D3-BF4B-00C04F79EFBC}") = "Tyuiu.RyabtsevNE.Sprint2.Task1.V10.Lib", "Tyuiu.RyabtsevNE.Sprint2.Task1.V10.Lib\Tyuiu.RyabtsevNE.Sprint2.Task1.V10.Lib.csproj", "{27B3ADC6-7C60-4F26-8714-9E2A677CACF6}"
EndProject
Project("{FAE04EC0-301F-11D3-BF4B-00C04F79EFBC}") = "Tyuiu.RyabtsevNE.Sprint2.Task1.V10.Test", "Tyuiu.RyabtsevNE.Sprint2.Task1.V10.Test\Tyuiu.RyabtsevNE.Sprint2.Task1.V10.Test.csproj", "{87B08CB0-A60D-4B26-AC81-E0DCAFBFEB61}"
EndProject
Project("{2150E333-8FDC-42A3-9474-1A3956D46DE8}") = "Task2", "Task2", "{81C2EB3E-8B92-4CF6-AE45-612164A1D5FC}"
EndProject
Project("{FAE04EC0-301F-11D3-BF4B-00C04F79EFBC}") = "Tyuiu.RyabtsevNE.Sprint2.Task2.V23", "Tyuiu.RyabtsevNE.Sprint2.Task2.V23\Tyuiu.RyabtsevNE.Sprint2.Task2.V23.csproj", "{4F41A72F-2456-4E09-9B05-B2C50F162316}"
EndProject
Project("{FAE04EC0-301F-11D3-BF4B-00C04F79EFBC}") = "Tyuiu.RyabtsevNE.Sprint2.Task2.V23.Lib", "Tyuiu.RyabtsevNE.Sprint2.Task2.V23.Lib\Tyuiu.RyabtsevNE.Sprint2.Task2.V23.Lib.csproj", "{EF688272-0E52-4495-8170-3D65A6030125}"
EndProject
Project("{FAE04EC0-301F-11D3-BF4B-00C04F79EFBC}") = "Tyuiu.RyabtsevNE.Sprint2.Task2.V23.Test", "Tyuiu.RyabtsevNE.Sprint2.Task2.V23.Test\Tyuiu.RyabtsevNE.Sprint2.Task2.V23.Test.csproj", "{539DE2CF-3443-459A-998C-9E288D6B1B21}"
EndProject
Project("{2150E333-8FDC-42A3-9474-1A3956D46DE8}") = "Task3", "Task3", "{280DC456-5F3C-4B55-956B-B91D8BF8D034}"
EndProject
Project("{FAE04EC0-301F-11D3-BF4B-00C04F79EFBC}") = "Tyuiu.RyabtsevNE.Sprint2.Task3.V8", "Tyuiu.RyabtsevNE.Sprint2.Task3.V8\Tyuiu.RyabtsevNE.Sprint2.Task3.V8.csproj", "{8982160A-DA38-4A5D-A48B-E0F19A6C6648}"
EndProject
Project("{FAE04EC0-301F-11D3-BF4B-00C04F79EFBC}") = "Tyuiu.RyabtsevNE.Sprint2.Task3.V8.Lib", "Tyuiu.RyabtsevNE.Sprint2.Task3.V8.Lib\Tyuiu.RyabtsevNE.Sprint2.Task3.V8.Lib.csproj", "{A844C80D-54AD-427E-AFAE-940ABEB989C7}"
EndProject
Project("{FAE04EC0-301F-11D3-BF4B-00C04F79EFBC}") = "Tyuiu.RyabtsevNE.Sprint2.Task3.V8.Test", "Tyuiu.RyabtsevNE.Sprint2.Task3.V8.Test\Tyuiu.RyabtsevNE.Sprint2.Task3.V8.Test.csproj", "{245C6762-9C52-4349-A314-95E924254B31}"
EndProject
Global
	GlobalSection(SolutionConfigurationPlatforms) = preSolution
		Debug|Any CPU = Debug|Any CPU
		Release|Any CPU = Release|Any CPU
	EndGlobalSection
	GlobalSection(ProjectConfigurationPlatforms) = postSolution
		{A68483EA-E9A7-4299-A0E3-6887C5C74829}.Debug|Any CPU.ActiveCfg = Debug|Any CPU
		{A68483EA-E9A7-4299-A0E3-6887C5C74829}.Debug|Any CPU.Build.0 = Debug|Any CPU
		{A68483EA-E9A7-4299-A0E3-6887C5C74829}.Release|Any CPU.ActiveCfg = Release|Any CPU
		{A68483EA-E9A7-4299-A0E3-6887C5C74829}.Release|Any CPU.Build.0 = Release|Any CPU
		{27B3ADC6-7C60-4F26-8714-9E2A677CACF6}.Debug|Any CPU.ActiveCfg = Debug|Any CPU
		{27B3ADC6-7C60-4F26-8714-9E2A677CACF6}.Debug|Any CPU.Build.0 = Debug|Any CPU
		{27B3ADC6-7C60-4F26-8714-9E2A677CACF6}.Release|Any CPU.ActiveCfg = Release|Any CPU
		{27B3ADC6-7C60-4F26-8714-9E2A677CACF6}.Release|Any CPU.Build.0 = Release|Any CPU
		{87B08CB0-A60D-4B26-AC81-E0DCAFBFEB61}.Debug|Any CPU.ActiveCfg = Debug|Any CPU
		{87B08CB0-A60D-4B26-AC81-E0DCAFBFEB61}.Debug|Any CPU.Build.0 = Debug|Any CPU
		{87B08CB0-A60D-4B26-AC81-E0DCAFBFEB61}.Release|Any CPU.ActiveCfg = Release|Any CPU
		{87B08CB0-A60D-4B26-AC81-E0DCAFBFEB61}.Release|Any CPU.Build.0 = Release|Any CPU
		{4F41A72F-2456-4E09-9B05-B2C50F162316}.Debug|Any CPU.ActiveCfg = Debug|Any CPU
		{4F41A72F-2456-4E09-9B05-B2C50F162316}.Debug|Any CPU.Build.0 = Debug|Any CPU
		{4F41A72F-2456-4E09-9B05-B2C50F162316}.Release|Any CPU.ActiveCfg = Release|Any CPU
		{4F41A72F-2456-4E09-9B05-B2C50F162316}.Release|Any CPU.Build.0 = Release|Any CPU
		{EF688272-0E52-4495-8170-3D65A6030125}.Debug|Any CPU.ActiveCfg = Debug|Any CPU
		{EF688272-0E52-4495-8170-3D65A6030125}.Debug|Any CPU.Build.0 = Debug|Any CPU
		{EF688272-0E52-4495-8170-3D65A6030125}.Release|Any CPU.ActiveCfg = Release|Any CPU
		{EF688272-0E52-4495-8170-3D65A6030125}.Release|Any CPU.Build.0 = Release|Any CPU
		{539DE2CF-3443-459A-998C-9E288D6B1B21}.Debug|Any CPU.ActiveCfg = Debug|Any CPU
		{539DE2CF-3443-459A-998C-9E288D6B1B21}.Debug|Any CPU.Build.0 = Debug|Any CPU
		{539DE2CF-3443-459A-998C-9E288D6B1B21}.Release|Any CPU.ActiveCfg = Release|Any CPU
		{539DE2CF-3443-459A-998C-9E288D6B1B21}.Release|Any CPU.Build.0 = Release|Any CPU
		{8982160A-DA38-4A5D-A48B-E0F19A6C6648}.Debug|Any CPU.ActiveCfg = Debug|Any CPU
		{8982160A-DA38-4A5D-A48B-E0F19A6C6648}.Debug|Any CPU.Build.0 = Debug|Any CPU
		{8982160A-DA38-4A5D-A48B-E0F19A6C6648}.Release|Any CPU.ActiveCfg = Release|Any CPU
		{8982160A-DA38-4A5D-A48B-E0F19A6C6648}.Release|Any CPU.Build.0 = Release|Any CPU
		{A844C80D-54AD-427E-AFAE-940ABEB989C7}.Debug|Any CPU.ActiveCfg = Debug|Any CPU
		{A844C80D-54AD-427E-AFAE-940ABEB989C7}.Debug|Any CPU.Build.0 = Debug|Any CPU
		{A844C80D-54AD-427E-AFAE-940ABEB989C7}.Release|Any CPU.ActiveCfg = Release|Any CPU
		{A844C80D-54AD-427E-AFAE-940ABEB989C7}.Release|Any CPU.Build.0 = Release|Any CPU
		{245C6762-9C52-4349-A314-95E924254B31}.Debug|Any CPU.ActiveCfg = Debug|Any CPU
		{245C6762-9C52-4349-A314-95E924254B31}.Debug|Any CPU.Build.0 = Debug|Any CPU
		{245C6762-9C52-4349-A314-95E924254B31}.Release|Any CPU.ActiveCfg = Release|Any CPU
		{245C6762-9C52-4349-A314-95E924254B31}.Release|Any CPU.Build.0 = Release|Any CPU
	EndGlobalSection
	GlobalSection(SolutionProperties) = preSolution
		HideSolutionNode = FALSE
	EndGlobalSection
	GlobalSection(NestedProjects) = preSolution
		{A68483EA-E9A7-4299-A0E3-6887C5C74829} = {DF93D1B4-4C13-432C-95F9-3B18762F8A94}
		{27B3ADC6-7C60-4F26-8714-9E2A677CACF6} = {DF93D1B4-4C13-432C-95F9-3B18762F8A94}
		{87B08CB0-A60D-4B26-AC81-E0DCAFBFEB61} = {DF93D1B4-4C13-432C-95F9-3B18762F8A94}
		{4F41A72F-2456-4E09-9B05-B2C50F162316} = {81C2EB3E-8B92-4CF6-AE45-612164A1D5FC}
		{EF688272-0E52-4495-8170-3D65A6030125} = {81C2EB3E-8B92-4CF6-AE45-612164A1D5FC}
		{539DE2CF-3443-459A-998C-9E288D6B1B21} = {81C2EB3E-8B92-4CF6-AE45-612164A1D5FC}
		{8982160A-DA38-4A5D-A48B-E0F19A6C6648} = {280DC456-5F3C-4B55-956B-B91D8BF8D034}
		{A844C80D-54AD-427E-AFAE-940ABEB989C7} = {280DC456-5F3C-4B55-956B-B91D8BF8D034}
		{245C6762-9C52-4349-A314-95E924254B31} = {280DC456-5F3C-4B55-956B-B91D8BF8D034}
	EndGlobalSection
	GlobalSection(ExtensibilityGlobals) = postSolution
		SolutionGuid = {725EF393-62C8-4C29-97CD-3F35D11B9CFF}
	EndGlobalSection
EndGlobal
