
Microsoft Visual Studio Solution File, Format Version 12.00
# Visual Studio Version 17
VisualStudioVersion = 17.11.35312.102
MinimumVisualStudioVersion = 10.0.40219.1
Project("{2150E333-8FDC-42A3-9474-1A3956D46DE8}") = "Task1", "Task1", "{DF93D1B4-4C13-432C-95F9-3B18762F8A94}"
EndProject
Project("{9A19103F-16F7-4668-BE54-9A1E7A4F7556}") = "Tyuiu.RyabtsevNE.Sprint2.Task1.V10", "Tyuiu.RyabtsevNE.Sprint2.Task1.V10\Tyuiu.RyabtsevNE.Sprint2.Task1.V10.csproj", "{A68483EA-E9A7-4299-A0E3-6887C5C74829}"
EndProject
Project("{9A19103F-16F7-4668-BE54-9A1E7A4F7556}") = "Tyuiu.RyabtsevNE.Sprint2.Task1.V10.Lib", "Tyuiu.RyabtsevNE.Sprint2.Task1.V10.Lib\Tyuiu.RyabtsevNE.Sprint2.Task1.V10.Lib.csproj", "{27B3ADC6-7C60-4F26-8714-9E2A677CACF6}"
EndProject
Project("{9A19103F-16F7-4668-BE54-9A1E7A4F7556}") = "Tyuiu.RyabtsevNE.Sprint2.Task1.V10.Test", "Tyuiu.RyabtsevNE.Sprint2.Task1.V10.Test\Tyuiu.RyabtsevNE.Sprint2.Task1.V10.Test.csproj", "{87B08CB0-A60D-4B26-AC81-E0DCAFBFEB61}"
EndProject
Project("{2150E333-8FDC-42A3-9474-1A3956D46DE8}") = "Task2", "Task2", "{81C2EB3E-8B92-4CF6-AE45-612164A1D5FC}"
EndProject
Project("{9A19103F-16F7-4668-BE54-9A1E7A4F7556}") = "Tyuiu.RyabtsevNE.Sprint2.Task2.V23", "Tyuiu.RyabtsevNE.Sprint2.Task2.V23\Tyuiu.RyabtsevNE.Sprint2.Task2.V23.csproj", "{4F41A72F-2456-4E09-9B05-B2C50F162316}"
EndProject
Project("{9A19103F-16F7-4668-BE54-9A1E7A4F7556}") = "Tyuiu.RyabtsevNE.Sprint2.Task2.V23.Lib", "Tyuiu.RyabtsevNE.Sprint2.Task2.V23.Lib\Tyuiu.RyabtsevNE.Sprint2.Task2.V23.Lib.csproj", "{EF688272-0E52-4495-8170-3D65A6030125}"
EndProject
Project("{9A19103F-16F7-4668-BE54-9A1E7A4F7556}") = "Tyuiu.RyabtsevNE.Sprint2.Task2.V23.Test", "Tyuiu.RyabtsevNE.Sprint2.Task2.V23.Test\Tyuiu.RyabtsevNE.Sprint2.Task2.V23.Test.csproj", "{539DE2CF-3443-459A-998C-9E288D6B1B21}"
EndProject
Project("{2150E333-8FDC-42A3-9474-1A3956D46DE8}") = "Task3", "Task3", "{280DC456-5F3C-4B55-956B-B91D8BF8D034}"
EndProject
Project("{9A19103F-16F7-4668-BE54-9A1E7A4F7556}") = "Tyuiu.RyabtsevNE.Sprint2.Task3.V8", "Tyuiu.RyabtsevNE.Sprint2.Task3.V8\Tyuiu.RyabtsevNE.Sprint2.Task3.V8.csproj", "{8982160A-DA38-4A5D-A48B-E0F19A6C6648}"
EndProject
Project("{9A19103F-16F7-4668-BE54-9A1E7A4F7556}") = "Tyuiu.RyabtsevNE.Sprint2.Task3.V8.Lib", "Tyuiu.RyabtsevNE.Sprint2.Task3.V8.Lib\Tyuiu.RyabtsevNE.Sprint2.Task3.V8.Lib.csproj", "{A844C80D-54AD-427E-AFAE-940ABEB989C7}"
EndProject
Project("{9A19103F-16F7-4668-BE54-9A1E7A4F7556}") = "Tyuiu.RyabtsevNE.Sprint2.Task3.V8.Test", "Tyuiu.RyabtsevNE.Sprint2.Task3.V8.Test\Tyuiu.RyabtsevNE.Sprint2.Task3.V8.Test.csproj", "{245C6762-9C52-4349-A314-95E924254B31}"
EndProject
Project("{2150E333-8FDC-42A3-9474-1A3956D46DE8}") = "Task4", "Task4", "{518B77E5-FFB0-49C5-80C0-0F83D93F98D1}"
EndProject
Project("{9A19103F-16F7-4668-BE54-9A1E7A4F7556}") = "Tyuiu.RyabtsevNE.Sprint2.Task4.V19", "Tyuiu.RyabtsevNE.Sprint2.Task4.V19\Tyuiu.RyabtsevNE.Sprint2.Task4.V19.csproj", "{1ACEE9D7-3844-4B5D-86E5-17B2C912E073}"
EndProject
Project("{9A19103F-16F7-4668-BE54-9A1E7A4F7556}") = "Tyuiu.RyabtsevNE.Sprint2.Task4.V19.Lib", "Tyuiu.RyabtsevNE.Sprint2.Task4.V19.Lib\Tyuiu.RyabtsevNE.Sprint2.Task4.V19.Lib.csproj", "{4F5EB4F8-3FF6-447B-AE4C-7595541E9C44}"
EndProject
Project("{9A19103F-16F7-4668-BE54-9A1E7A4F7556}") = "Tyuiu.RyabtsevNE.Sprint2.Task4.V19.Test", "Tyuiu.RyabtsevNE.Sprint2.Task4.V19.Test\Tyuiu.RyabtsevNE.Sprint2.Task4.V19.Test.csproj", "{D11B7D1D-62F9-44F0-9614-EA54F136852B}"
EndProject
Project("{2150E333-8FDC-42A3-9474-1A3956D46DE8}") = "Task5", "Task5", "{464892DB-C183-4521-B3FC-CD8ED9FE8C23}"
EndProject
Project("{9A19103F-16F7-4668-BE54-9A1E7A4F7556}") = "Tyuiu.RyabtsevNE.Sprint2.Task5.V1", "Tyuiu.RyabtsevNE.Sprint2.Task5.V1\Tyuiu.RyabtsevNE.Sprint2.Task5.V1.csproj", "{68D347F6-8DC9-4548-8EEA-58DE03CC1FA9}"
EndProject
Project("{9A19103F-16F7-4668-BE54-9A1E7A4F7556}") = "Tyuiu.RyabtsevNE.Sprint2.Task5.V1.Lib", "Tyuiu.RyabtsevNE.Sprint2.Task5.V1.Lib\Tyuiu.RyabtsevNE.Sprint2.Task5.V1.Lib.csproj", "{6F7D1213-B663-4086-96F7-C5EBD761C11A}"
EndProject
Project("{9A19103F-16F7-4668-BE54-9A1E7A4F7556}") = "Tyuiu.RyabtsevNE.Sprint2.Task5.V1.Test", "Tyuiu.RyabtsevNE.Sprint2.Task5.V1.Test\Tyuiu.RyabtsevNE.Sprint2.Task5.V1.Test.csproj", "{78A634E9-5BCF-432D-A954-91C989185B59}"
EndProject
Project("{2150E333-8FDC-42A3-9474-1A3956D46DE8}") = "Task6", "Task6", "{D9642912-DF47-4F66-8278-496EC2A1B846}"
EndProject
Project("{FAE04EC0-301F-11D3-BF4B-00C04F79EFBC}") = "Tyuiu.RyabtsevNE.Sprint2.Task6.V9", "Tyuiu.RyabtsevNE.Sprint2.Task6.V9\Tyuiu.RyabtsevNE.Sprint2.Task6.V9.csproj", "{2890B96D-C804-4E67-B2D1-D1AE4C025A01}"
EndProject
Project("{FAE04EC0-301F-11D3-BF4B-00C04F79EFBC}") = "Tyuiu.RyabtsevNE.Sprint2.Task6.V9.Lib", "Tyuiu.RyabtsevNE.Sprint2.Task6.V9.Lib\Tyuiu.RyabtsevNE.Sprint2.Task6.V9.Lib.csproj", "{5AE6CDAC-C346-40EB-B65C-DA6748302F05}"
EndProject
Project("{FAE04EC0-301F-11D3-BF4B-00C04F79EFBC}") = "Tyuiu.RyabtsevNE.Sprint2.Task6.V9.Test", "Tyuiu.RyabtsevNE.Sprint2.Task6.V9.Test\Tyuiu.RyabtsevNE.Sprint2.Task6.V9.Test.csproj", "{AB688140-7B38-4839-9897-C58DF93E6CA7}"
EndProject
Project("{2150E333-8FDC-42A3-9474-1A3956D46DE8}") = "Task7", "Task7", "{270139E4-9905-492B-BCFE-C23B2CBF49AB}"
EndProject
Project("{FAE04EC0-301F-11D3-BF4B-00C04F79EFBC}") = "Tyuiu.RyabtsevNE.Sprint2.Task7.V2", "Tyuiu.RyabtsevNE.Sprint2.Task7.V2\Tyuiu.RyabtsevNE.Sprint2.Task7.V2.csproj", "{69FF111F-71BD-46DE-A39E-B7396B1C58E9}"
EndProject
Project("{FAE04EC0-301F-11D3-BF4B-00C04F79EFBC}") = "Tyuiu.RyabtsevNE.Sprint2.Task7.V2.Lib", "Tyuiu.RyabtsevNE.Sprint2.Task7.V2.Lib\Tyuiu.RyabtsevNE.Sprint2.Task7.V2.Lib.csproj", "{E4072A49-511F-4D01-A2C9-A3CD973697A9}"
EndProject
Project("{FAE04EC0-301F-11D3-BF4B-00C04F79EFBC}") = "Tyuiu.RyabtsevNE.Sprint2.Task7.V2.Test", "Tyuiu.RyabtsevNE.Sprint2.Task7.V2.Test\Tyuiu.RyabtsevNE.Sprint2.Task7.V2.Test.csproj", "{433EE124-B5C9-4762-A8C1-990B72BFB730}"
EndProject
Project("{2150E333-8FDC-42A3-9474-1A3956D46DE8}") = "Task0", "Task0", "{B7469C6D-8E89-4A41-892D-5587A4C77765}"
EndProject
Project("{FAE04EC0-301F-11D3-BF4B-00C04F79EFBC}") = "Tyuiu.RyabtsevNE.Sprint2.Task0.V27", "Tyuiu.RyabtsevNE.Sprint2.Task0.V27\Tyuiu.RyabtsevNE.Sprint2.Task0.V27.csproj", "{39A7D73B-3904-4443-82A2-2AB261F9B038}"
EndProject
Project("{FAE04EC0-301F-11D3-BF4B-00C04F79EFBC}") = "Tyuiu.RyabtsevNE.Sprint2.Task0.V27.Lib", "Tyuiu.RyabtsevNE.Sprint2.Task0.V27.Lib\Tyuiu.RyabtsevNE.Sprint2.Task0.V27.Lib.csproj", "{49B584E7-ED18-4E10-A6B2-281DE0D020EB}"
EndProject
Project("{FAE04EC0-301F-11D3-BF4B-00C04F79EFBC}") = "Tyuiu.RyabtsevNE.Sprint2.Task0.V27.Test", "Tyuiu.RyabtsevNE.Sprint2.Task0.V27.Test\Tyuiu.RyabtsevNE.Sprint2.Task0.V27.Test.csproj", "{FE984DD0-401A-4559-900C-2A0E817CF23C}"
EndProject
Global
	GlobalSection(SolutionConfigurationPlatforms) = preSolution
		Debug|Any CPU = Debug|Any CPU
		Release|Any CPU = Release|Any CPU
	EndGlobalSection
	GlobalSection(ProjectConfigurationPlatforms) = postSolution
		{A68483EA-E9A7-4299-A0E3-6887C5C74829}.Debug|Any CPU.ActiveCfg = Debug|Any CPU
		{A68483EA-E9A7-4299-A0E3-6887C5C74829}.Debug|Any CPU.Build.0 = Debug|Any CPU
		{A68483EA-E9A7-4299-A0E3-6887C5C74829}.Release|Any CPU.ActiveCfg = Release|Any CPU
		{A68483EA-E9A7-4299-A0E3-6887C5C74829}.Release|Any CPU.Build.0 = Release|Any CPU
		{27B3ADC6-7C60-4F26-8714-9E2A677CACF6}.Debug|Any CPU.ActiveCfg = Debug|Any CPU
		{27B3ADC6-7C60-4F26-8714-9E2A677CACF6}.Debug|Any CPU.Build.0 = Debug|Any CPU
		{27B3ADC6-7C60-4F26-8714-9E2A677CACF6}.Release|Any CPU.ActiveCfg = Release|Any CPU
		{27B3ADC6-7C60-4F26-8714-9E2A677CACF6}.Release|Any CPU.Build.0 = Release|Any CPU
		{87B08CB0-A60D-4B26-AC81-E0DCAFBFEB61}.Debug|Any CPU.ActiveCfg = Debug|Any CPU
		{87B08CB0-A60D-4B26-AC81-E0DCAFBFEB61}.Debug|Any CPU.Build.0 = Debug|Any CPU
		{87B08CB0-A60D-4B26-AC81-E0DCAFBFEB61}.Release|Any CPU.ActiveCfg = Release|Any CPU
		{87B08CB0-A60D-4B26-AC81-E0DCAFBFEB61}.Release|Any CPU.Build.0 = Release|Any CPU
		{4F41A72F-2456-4E09-9B05-B2C50F162316}.Debug|Any CPU.ActiveCfg = Debug|Any CPU
		{4F41A72F-2456-4E09-9B05-B2C50F162316}.Debug|Any CPU.Build.0 = Debug|Any CPU
		{4F41A72F-2456-4E09-9B05-B2C50F162316}.Release|Any CPU.ActiveCfg = Release|Any CPU
		{4F41A72F-2456-4E09-9B05-B2C50F162316}.Release|Any CPU.Build.0 = Release|Any CPU
		{EF688272-0E52-4495-8170-3D65A6030125}.Debug|Any CPU.ActiveCfg = Debug|Any CPU
		{EF688272-0E52-4495-8170-3D65A6030125}.Debug|Any CPU.Build.0 = Debug|Any CPU
		{EF688272-0E52-4495-8170-3D65A6030125}.Release|Any CPU.ActiveCfg = Release|Any CPU
		{EF688272-0E52-4495-8170-3D65A6030125}.Release|Any CPU.Build.0 = Release|Any CPU
		{539DE2CF-3443-459A-998C-9E288D6B1B21}.Debug|Any CPU.ActiveCfg = Debug|Any CPU
		{539DE2CF-3443-459A-998C-9E288D6B1B21}.Debug|Any CPU.Build.0 = Debug|Any CPU
		{539DE2CF-3443-459A-998C-9E288D6B1B21}.Release|Any CPU.ActiveCfg = Release|Any CPU
		{539DE2CF-3443-459A-998C-9E288D6B1B21}.Release|Any CPU.Build.0 = Release|Any CPU
		{8982160A-DA38-4A5D-A48B-E0F19A6C6648}.Debug|Any CPU.ActiveCfg = Debug|Any CPU
		{8982160A-DA38-4A5D-A48B-E0F19A6C6648}.Debug|Any CPU.Build.0 = Debug|Any CPU
		{8982160A-DA38-4A5D-A48B-E0F19A6C6648}.Release|Any CPU.ActiveCfg = Release|Any CPU
		{8982160A-DA38-4A5D-A48B-E0F19A6C6648}.Release|Any CPU.Build.0 = Release|Any CPU
		{A844C80D-54AD-427E-AFAE-940ABEB989C7}.Debug|Any CPU.ActiveCfg = Debug|Any CPU
		{A844C80D-54AD-427E-AFAE-940ABEB989C7}.Debug|Any CPU.Build.0 = Debug|Any CPU
		{A844C80D-54AD-427E-AFAE-940ABEB989C7}.Release|Any CPU.ActiveCfg = Release|Any CPU
		{A844C80D-54AD-427E-AFAE-940ABEB989C7}.Release|Any CPU.Build.0 = Release|Any CPU
		{245C6762-9C52-4349-A314-95E924254B31}.Debug|Any CPU.ActiveCfg = Debug|Any CPU
		{245C6762-9C52-4349-A314-95E924254B31}.Debug|Any CPU.Build.0 = Debug|Any CPU
		{245C6762-9C52-4349-A314-95E924254B31}.Release|Any CPU.ActiveCfg = Release|Any CPU
		{245C6762-9C52-4349-A314-95E924254B31}.Release|Any CPU.Build.0 = Release|Any CPU
		{1ACEE9D7-3844-4B5D-86E5-17B2C912E073}.Debug|Any CPU.ActiveCfg = Debug|Any CPU
		{1ACEE9D7-3844-4B5D-86E5-17B2C912E073}.Debug|Any CPU.Build.0 = Debug|Any CPU
		{1ACEE9D7-3844-4B5D-86E5-17B2C912E073}.Release|Any CPU.ActiveCfg = Release|Any CPU
		{1ACEE9D7-3844-4B5D-86E5-17B2C912E073}.Release|Any CPU.Build.0 = Release|Any CPU
		{4F5EB4F8-3FF6-447B-AE4C-7595541E9C44}.Debug|Any CPU.ActiveCfg = Debug|Any CPU
		{4F5EB4F8-3FF6-447B-AE4C-7595541E9C44}.Debug|Any CPU.Build.0 = Debug|Any CPU
		{4F5EB4F8-3FF6-447B-AE4C-7595541E9C44}.Release|Any CPU.ActiveCfg = Release|Any CPU
		{4F5EB4F8-3FF6-447B-AE4C-7595541E9C44}.Release|Any CPU.Build.0 = Release|Any CPU
		{D11B7D1D-62F9-44F0-9614-EA54F136852B}.Debug|Any CPU.ActiveCfg = Debug|Any CPU
		{D11B7D1D-62F9-44F0-9614-EA54F136852B}.Debug|Any CPU.Build.0 = Debug|Any CPU
		{D11B7D1D-62F9-44F0-9614-EA54F136852B}.Release|Any CPU.ActiveCfg = Release|Any CPU
		{D11B7D1D-62F9-44F0-9614-EA54F136852B}.Release|Any CPU.Build.0 = Release|Any CPU
		{68D347F6-8DC9-4548-8EEA-58DE03CC1FA9}.Debug|Any CPU.ActiveCfg = Debug|Any CPU
		{68D347F6-8DC9-4548-8EEA-58DE03CC1FA9}.Debug|Any CPU.Build.0 = Debug|Any CPU
		{68D347F6-8DC9-4548-8EEA-58DE03CC1FA9}.Release|Any CPU.ActiveCfg = Release|Any CPU
		{68D347F6-8DC9-4548-8EEA-58DE03CC1FA9}.Release|Any CPU.Build.0 = Release|Any CPU
		{6F7D1213-B663-4086-96F7-C5EBD761C11A}.Debug|Any CPU.ActiveCfg = Debug|Any CPU
		{6F7D1213-B663-4086-96F7-C5EBD761C11A}.Debug|Any CPU.Build.0 = Debug|Any CPU
		{6F7D1213-B663-4086-96F7-C5EBD761C11A}.Release|Any CPU.ActiveCfg = Release|Any CPU
		{6F7D1213-B663-4086-96F7-C5EBD761C11A}.Release|Any CPU.Build.0 = Release|Any CPU
		{78A634E9-5BCF-432D-A954-91C989185B59}.Debug|Any CPU.ActiveCfg = Debug|Any CPU
		{78A634E9-5BCF-432D-A954-91C989185B59}.Debug|Any CPU.Build.0 = Debug|Any CPU
		{78A634E9-5BCF-432D-A954-91C989185B59}.Release|Any CPU.ActiveCfg = Release|Any CPU
		{78A634E9-5BCF-432D-A954-91C989185B59}.Release|Any CPU.Build.0 = Release|Any CPU
		{2890B96D-C804-4E67-B2D1-D1AE4C025A01}.Debug|Any CPU.ActiveCfg = Debug|Any CPU
		{2890B96D-C804-4E67-B2D1-D1AE4C025A01}.Debug|Any CPU.Build.0 = Debug|Any CPU
		{2890B96D-C804-4E67-B2D1-D1AE4C025A01}.Release|Any CPU.ActiveCfg = Release|Any CPU
		{2890B96D-C804-4E67-B2D1-D1AE4C025A01}.Release|Any CPU.Build.0 = Release|Any CPU
		{5AE6CDAC-C346-40EB-B65C-DA6748302F05}.Debug|Any CPU.ActiveCfg = Debug|Any CPU
		{5AE6CDAC-C346-40EB-B65C-DA6748302F05}.Debug|Any CPU.Build.0 = Debug|Any CPU
		{5AE6CDAC-C346-40EB-B65C-DA6748302F05}.Release|Any CPU.ActiveCfg = Release|Any CPU
		{5AE6CDAC-C346-40EB-B65C-DA6748302F05}.Release|Any CPU.Build.0 = Release|Any CPU
		{AB688140-7B38-4839-9897-C58DF93E6CA7}.Debug|Any CPU.ActiveCfg = Debug|Any CPU
		{AB688140-7B38-4839-9897-C58DF93E6CA7}.Debug|Any CPU.Build.0 = Debug|Any CPU
		{AB688140-7B38-4839-9897-C58DF93E6CA7}.Release|Any CPU.ActiveCfg = Release|Any CPU
		{AB688140-7B38-4839-9897-C58DF93E6CA7}.Release|Any CPU.Build.0 = Release|Any CPU
		{69FF111F-71BD-46DE-A39E-B7396B1C58E9}.Debug|Any CPU.ActiveCfg = Debug|Any CPU
		{69FF111F-71BD-46DE-A39E-B7396B1C58E9}.Debug|Any CPU.Build.0 = Debug|Any CPU
		{69FF111F-71BD-46DE-A39E-B7396B1C58E9}.Release|Any CPU.ActiveCfg = Release|Any CPU
		{69FF111F-71BD-46DE-A39E-B7396B1C58E9}.Release|Any CPU.Build.0 = Release|Any CPU
		{E4072A49-511F-4D01-A2C9-A3CD973697A9}.Debug|Any CPU.ActiveCfg = Debug|Any CPU
		{E4072A49-511F-4D01-A2C9-A3CD973697A9}.Debug|Any CPU.Build.0 = Debug|Any CPU
		{E4072A49-511F-4D01-A2C9-A3CD973697A9}.Release|Any CPU.ActiveCfg = Release|Any CPU
		{E4072A49-511F-4D01-A2C9-A3CD973697A9}.Release|Any CPU.Build.0 = Release|Any CPU
		{433EE124-B5C9-4762-A8C1-990B72BFB730}.Debug|Any CPU.ActiveCfg = Debug|Any CPU
		{433EE124-B5C9-4762-A8C1-990B72BFB730}.Debug|Any CPU.Build.0 = Debug|Any CPU
		{433EE124-B5C9-4762-A8C1-990B72BFB730}.Release|Any CPU.ActiveCfg = Release|Any CPU
		{433EE124-B5C9-4762-A8C1-990B72BFB730}.Release|Any CPU.Build.0 = Release|Any CPU
		{39A7D73B-3904-4443-82A2-2AB261F9B038}.Debug|Any CPU.ActiveCfg = Debug|Any CPU
		{39A7D73B-3904-4443-82A2-2AB261F9B038}.Debug|Any CPU.Build.0 = Debug|Any CPU
		{39A7D73B-3904-4443-82A2-2AB261F9B038}.Release|Any CPU.ActiveCfg = Release|Any CPU
		{39A7D73B-3904-4443-82A2-2AB261F9B038}.Release|Any CPU.Build.0 = Release|Any CPU
		{49B584E7-ED18-4E10-A6B2-281DE0D020EB}.Debug|Any CPU.ActiveCfg = Debug|Any CPU
		{49B584E7-ED18-4E10-A6B2-281DE0D020EB}.Debug|Any CPU.Build.0 = Debug|Any CPU
		{49B584E7-ED18-4E10-A6B2-281DE0D020EB}.Release|Any CPU.ActiveCfg = Release|Any CPU
		{49B584E7-ED18-4E10-A6B2-281DE0D020EB}.Release|Any CPU.Build.0 = Release|Any CPU
		{FE984DD0-401A-4559-900C-2A0E817CF23C}.Debug|Any CPU.ActiveCfg = Debug|Any CPU
		{FE984DD0-401A-4559-900C-2A0E817CF23C}.Debug|Any CPU.Build.0 = Debug|Any CPU
		{FE984DD0-401A-4559-900C-2A0E817CF23C}.Release|Any CPU.ActiveCfg = Release|Any CPU
		{FE984DD0-401A-4559-900C-2A0E817CF23C}.Release|Any CPU.Build.0 = Release|Any CPU
	EndGlobalSection
	GlobalSection(SolutionProperties) = preSolution
		HideSolutionNode = FALSE
	EndGlobalSection
	GlobalSection(NestedProjects) = preSolution
		{A68483EA-E9A7-4299-A0E3-6887C5C74829} = {DF93D1B4-4C13-432C-95F9-3B18762F8A94}
		{27B3ADC6-7C60-4F26-8714-9E2A677CACF6} = {DF93D1B4-4C13-432C-95F9-3B18762F8A94}
		{87B08CB0-A60D-4B26-AC81-E0DCAFBFEB61} = {DF93D1B4-4C13-432C-95F9-3B18762F8A94}
		{4F41A72F-2456-4E09-9B05-B2C50F162316} = {81C2EB3E-8B92-4CF6-AE45-612164A1D5FC}
		{EF688272-0E52-4495-8170-3D65A6030125} = {81C2EB3E-8B92-4CF6-AE45-612164A1D5FC}
		{539DE2CF-3443-459A-998C-9E288D6B1B21} = {81C2EB3E-8B92-4CF6-AE45-612164A1D5FC}
		{8982160A-DA38-4A5D-A48B-E0F19A6C6648} = {280DC456-5F3C-4B55-956B-B91D8BF8D034}
		{A844C80D-54AD-427E-AFAE-940ABEB989C7} = {280DC456-5F3C-4B55-956B-B91D8BF8D034}
		{245C6762-9C52-4349-A314-95E924254B31} = {280DC456-5F3C-4B55-956B-B91D8BF8D034}
		{1ACEE9D7-3844-4B5D-86E5-17B2C912E073} = {518B77E5-FFB0-49C5-80C0-0F83D93F98D1}
		{4F5EB4F8-3FF6-447B-AE4C-7595541E9C44} = {518B77E5-FFB0-49C5-80C0-0F83D93F98D1}
		{D11B7D1D-62F9-44F0-9614-EA54F136852B} = {518B77E5-FFB0-49C5-80C0-0F83D93F98D1}
		{68D347F6-8DC9-4548-8EEA-58DE03CC1FA9} = {464892DB-C183-4521-B3FC-CD8ED9FE8C23}
		{6F7D1213-B663-4086-96F7-C5EBD761C11A} = {464892DB-C183-4521-B3FC-CD8ED9FE8C23}
		{78A634E9-5BCF-432D-A954-91C989185B59} = {464892DB-C183-4521-B3FC-CD8ED9FE8C23}
		{2890B96D-C804-4E67-B2D1-D1AE4C025A01} = {D9642912-DF47-4F66-8278-496EC2A1B846}
		{5AE6CDAC-C346-40EB-B65C-DA6748302F05} = {D9642912-DF47-4F66-8278-496EC2A1B846}
		{AB688140-7B38-4839-9897-C58DF93E6CA7} = {D9642912-DF47-4F66-8278-496EC2A1B846}
		{69FF111F-71BD-46DE-A39E-B7396B1C58E9} = {270139E4-9905-492B-BCFE-C23B2CBF49AB}
		{E4072A49-511F-4D01-A2C9-A3CD973697A9} = {270139E4-9905-492B-BCFE-C23B2CBF49AB}
		{433EE124-B5C9-4762-A8C1-990B72BFB730} = {270139E4-9905-492B-BCFE-C23B2CBF49AB}
		{39A7D73B-3904-4443-82A2-2AB261F9B038} = {B7469C6D-8E89-4A41-892D-5587A4C77765}
		{49B584E7-ED18-4E10-A6B2-281DE0D020EB} = {B7469C6D-8E89-4A41-892D-5587A4C77765}
		{FE984DD0-401A-4559-900C-2A0E817CF23C} = {B7469C6D-8E89-4A41-892D-5587A4C77765}
	EndGlobalSection
	GlobalSection(ExtensibilityGlobals) = postSolution
		SolutionGuid = {725EF393-62C8-4C29-97CD-3F35D11B9CFF}
	EndGlobalSection
EndGlobal
